
Microsoft Visual Studio Solution File, Format Version 12.00
# Visual Studio Version 16
VisualStudioVersion = 16.0.30309.148
MinimumVisualStudioVersion = 10.0.40219.1
Project("{FAE04EC0-301F-11D3-BF4B-00C04F79EFBC}") = "CommissionHub", "CommissionHub.csproj", "{D63B4F19-420C-45F4-9D37-02F86547E92D}"
EndProject
Global
	GlobalSection(SolutionConfigurationPlatforms) = preSolution
		Debug|Any CPU = Debug|Any CPU
		Release|Any CPU = Release|Any CPU
	EndGlobalSection
	GlobalSection(ProjectConfigurationPlatforms) = postSolution
		{D63B4F19-420C-45F4-9D37-02F86547E92D}.Debug|Any CPU.ActiveCfg = Debug|Any CPU
		{D63B4F19-420C-45F4-9D37-02F86547E92D}.Debug|Any CPU.Build.0 = Debug|Any CPU
		{D63B4F19-420C-45F4-9D37-02F86547E92D}.Release|Any CPU.ActiveCfg = Release|Any CPU
		{D63B4F19-420C-45F4-9D37-02F86547E92D}.Release|Any CPU.Build.0 = Release|Any CPU
	EndGlobalSection
	GlobalSection(SolutionProperties) = preSolution
		HideSolutionNode = FALSE
	EndGlobalSection
	GlobalSection(ExtensibilityGlobals) = postSolution
		SolutionGuid = {8CEFE552-49AF-4CD0-AE75-52DBC59892AA}
	EndGlobalSection
EndGlobal
